// !$*UTF8*$!
{
	archiveVersion = 1;
	classes = {
	};
	objectVersion = 56;
	objects = {

/* Begin PBXBuildFile section */
		60AC60202A9F78BB00C55003 /* AppDelegate.swift in Sources */ = {isa = PBXBuildFile; fileRef = 60AC601F2A9F78BB00C55003 /* AppDelegate.swift */; };
		60AC60222A9F78BB00C55003 /* SceneDelegate.swift in Sources */ = {isa = PBXBuildFile; fileRef = 60AC60212A9F78BB00C55003 /* SceneDelegate.swift */; };
		60AC60242A9F78BB00C55003 /* HotelViewController.swift in Sources */ = {isa = PBXBuildFile; fileRef = 60AC60232A9F78BB00C55003 /* HotelViewController.swift */; };
		60AC60292A9F78BF00C55003 /* Assets.xcassets in Resources */ = {isa = PBXBuildFile; fileRef = 60AC60282A9F78BF00C55003 /* Assets.xcassets */; };
		60AC602C2A9F78BF00C55003 /* LaunchScreen.storyboard in Resources */ = {isa = PBXBuildFile; fileRef = 60AC602A2A9F78BF00C55003 /* LaunchScreen.storyboard */; };
		60AC60382A9F85F800C55003 /* APIService.swift in Sources */ = {isa = PBXBuildFile; fileRef = 60AC60372A9F85F800C55003 /* APIService.swift */; };
		60AC603A2A9F873500C55003 /* HotelModel.swift in Sources */ = {isa = PBXBuildFile; fileRef = 60AC60392A9F873500C55003 /* HotelModel.swift */; };
		60AC603C2A9F8C3400C55003 /* ViewModel.swift in Sources */ = {isa = PBXBuildFile; fileRef = 60AC603B2A9F8C3400C55003 /* ViewModel.swift */; };
		60AC603F2A9F9AAC00C55003 /* HotelViewBuilder.swift in Sources */ = {isa = PBXBuildFile; fileRef = 60AC603E2A9F9AAC00C55003 /* HotelViewBuilder.swift */; };
/* End PBXBuildFile section */

/* Begin PBXFileReference section */
		60AC601C2A9F78BB00C55003 /* Letoh.app */ = {isa = PBXFileReference; explicitFileType = wrapper.application; includeInIndex = 0; path = Letoh.app; sourceTree = BUILT_PRODUCTS_DIR; };
		60AC601F2A9F78BB00C55003 /* AppDelegate.swift */ = {isa = PBXFileReference; lastKnownFileType = sourcecode.swift; path = AppDelegate.swift; sourceTree = "<group>"; };
		60AC60212A9F78BB00C55003 /* SceneDelegate.swift */ = {isa = PBXFileReference; lastKnownFileType = sourcecode.swift; path = SceneDelegate.swift; sourceTree = "<group>"; };
		60AC60232A9F78BB00C55003 /* HotelViewController.swift */ = {isa = PBXFileReference; lastKnownFileType = sourcecode.swift; path = HotelViewController.swift; sourceTree = "<group>"; };
		60AC60282A9F78BF00C55003 /* Assets.xcassets */ = {isa = PBXFileReference; lastKnownFileType = folder.assetcatalog; path = Assets.xcassets; sourceTree = "<group>"; };
		60AC602B2A9F78BF00C55003 /* Base */ = {isa = PBXFileReference; lastKnownFileType = file.storyboard; name = Base; path = Base.lproj/LaunchScreen.storyboard; sourceTree = "<group>"; };
		60AC602D2A9F78BF00C55003 /* Info.plist */ = {isa = PBXFileReference; lastKnownFileType = text.plist.xml; path = Info.plist; sourceTree = "<group>"; };
		60AC60372A9F85F800C55003 /* APIService.swift */ = {isa = PBXFileReference; lastKnownFileType = sourcecode.swift; name = APIService.swift; path = HotelVC/APIService.swift; sourceTree = "<group>"; };
		60AC60392A9F873500C55003 /* HotelModel.swift */ = {isa = PBXFileReference; lastKnownFileType = sourcecode.swift; path = HotelModel.swift; sourceTree = "<group>"; };
		60AC603B2A9F8C3400C55003 /* ViewModel.swift */ = {isa = PBXFileReference; lastKnownFileType = sourcecode.swift; path = ViewModel.swift; sourceTree = "<group>"; };
		60AC603E2A9F9AAC00C55003 /* HotelViewBuilder.swift */ = {isa = PBXFileReference; lastKnownFileType = sourcecode.swift; path = HotelViewBuilder.swift; sourceTree = "<group>"; };
/* End PBXFileReference section */

/* Begin PBXFrameworksBuildPhase section */
		60AC60192A9F78BB00C55003 /* Frameworks */ = {
			isa = PBXFrameworksBuildPhase;
			buildActionMask = 2147483647;
			files = (
			);
			runOnlyForDeploymentPostprocessing = 0;
		};
/* End PBXFrameworksBuildPhase section */

/* Begin PBXGroup section */
		60AC60132A9F78BB00C55003 = {
			isa = PBXGroup;
			children = (
				60AC601E2A9F78BB00C55003 /* Letoh */,
				60AC601D2A9F78BB00C55003 /* Products */,
			);
			sourceTree = "<group>";
		};
		60AC601D2A9F78BB00C55003 /* Products */ = {
			isa = PBXGroup;
			children = (
				60AC601C2A9F78BB00C55003 /* Letoh.app */,
			);
			name = Products;
			sourceTree = "<group>";
		};
		60AC601E2A9F78BB00C55003 /* Letoh */ = {
			isa = PBXGroup;
			children = (
				60AC601F2A9F78BB00C55003 /* AppDelegate.swift */,
				60AC60212A9F78BB00C55003 /* SceneDelegate.swift */,
				60AC60362A9F854700C55003 /* HotelVC */,
				60AC60372A9F85F800C55003 /* APIService.swift */,
				60AC60392A9F873500C55003 /* HotelModel.swift */,
				60AC60282A9F78BF00C55003 /* Assets.xcassets */,
				60AC602A2A9F78BF00C55003 /* LaunchScreen.storyboard */,
				60AC602D2A9F78BF00C55003 /* Info.plist */,
			);
			path = Letoh;
			sourceTree = "<group>";
		};
		60AC60362A9F854700C55003 /* HotelVC */ = {
			isa = PBXGroup;
			children = (
				60AC60232A9F78BB00C55003 /* HotelViewController.swift */,
				60AC603D2A9F9A8900C55003 /* MVVM */,
			);
			path = HotelVC;
			sourceTree = "<group>";
		};
		60AC603D2A9F9A8900C55003 /* MVVM */ = {
			isa = PBXGroup;
			children = (
				60AC603B2A9F8C3400C55003 /* ViewModel.swift */,
				60AC603E2A9F9AAC00C55003 /* HotelViewBuilder.swift */,
			);
			path = MVVM;
			sourceTree = "<group>";
		};
/* End PBXGroup section */

/* Begin PBXNativeTarget section */
		60AC601B2A9F78BB00C55003 /* Letoh */ = {
			isa = PBXNativeTarget;
			buildConfigurationList = 60AC60302A9F78BF00C55003 /* Build configuration list for PBXNativeTarget "Letoh" */;
			buildPhases = (
				60AC60182A9F78BB00C55003 /* Sources */,
				60AC60192A9F78BB00C55003 /* Frameworks */,
				60AC601A2A9F78BB00C55003 /* Resources */,
				60AC60332A9F7CF800C55003 /* ShellScript */,
			);
			buildRules = (
			);
			dependencies = (
			);
			name = Letoh;
			productName = Letoh;
			productReference = 60AC601C2A9F78BB00C55003 /* Letoh.app */;
			productType = "com.apple.product-type.application";
		};
/* End PBXNativeTarget section */

/* Begin PBXProject section */
		60AC60142A9F78BB00C55003 /* Project object */ = {
			isa = PBXProject;
			attributes = {
				BuildIndependentTargetsInParallel = 1;
				LastSwiftUpdateCheck = 1410;
				LastUpgradeCheck = 1410;
				TargetAttributes = {
					60AC601B2A9F78BB00C55003 = {
						CreatedOnToolsVersion = 14.1;
					};
				};
			};
			buildConfigurationList = 60AC60172A9F78BB00C55003 /* Build configuration list for PBXProject "Letoh" */;
			compatibilityVersion = "Xcode 14.0";
			developmentRegion = en;
			hasScannedForEncodings = 0;
			knownRegions = (
				en,
				Base,
			);
			mainGroup = 60AC60132A9F78BB00C55003;
			productRefGroup = 60AC601D2A9F78BB00C55003 /* Products */;
			projectDirPath = "";
			projectRoot = "";
			targets = (
				60AC601B2A9F78BB00C55003 /* Letoh */,
			);
		};
/* End PBXProject section */

/* Begin PBXResourcesBuildPhase section */
		60AC601A2A9F78BB00C55003 /* Resources */ = {
			isa = PBXResourcesBuildPhase;
			buildActionMask = 2147483647;
			files = (
				60AC602C2A9F78BF00C55003 /* LaunchScreen.storyboard in Resources */,
				60AC60292A9F78BF00C55003 /* Assets.xcassets in Resources */,
			);
			runOnlyForDeploymentPostprocessing = 0;
		};
/* End PBXResourcesBuildPhase section */

/* Begin PBXShellScriptBuildPhase section */
		60AC60332A9F7CF800C55003 /* ShellScript */ = {
			isa = PBXShellScriptBuildPhase;
			buildActionMask = 2147483647;
			files = (
			);
			inputFileListPaths = (
			);
			inputPaths = (
			);
			outputFileListPaths = (
			);
			outputPaths = (
			);
			runOnlyForDeploymentPostprocessing = 0;
			shellPath = /bin/sh;
			shellScript = "if which swiftlint >/dev/null; then\n  swiftlint\nelse\n  echo \"error: SwiftLint does not exist, download it from https://github.com/realm/SwiftLint\"\n  exit 1\nfi\n";
		};
/* End PBXShellScriptBuildPhase section */

/* Begin PBXSourcesBuildPhase section */
		60AC60182A9F78BB00C55003 /* Sources */ = {
			isa = PBXSourcesBuildPhase;
			buildActionMask = 2147483647;
			files = (
				60AC603A2A9F873500C55003 /* HotelModel.swift in Sources */,
				60AC60242A9F78BB00C55003 /* HotelViewController.swift in Sources */,
				60AC60202A9F78BB00C55003 /* AppDelegate.swift in Sources */,
				60AC60382A9F85F800C55003 /* APIService.swift in Sources */,
				60AC603C2A9F8C3400C55003 /* ViewModel.swift in Sources */,
				60AC60222A9F78BB00C55003 /* SceneDelegate.swift in Sources */,
				60AC603F2A9F9AAC00C55003 /* HotelViewBuilder.swift in Sources */,
			);
			runOnlyForDeploymentPostprocessing = 0;
		};
/* End PBXSourcesBuildPhase section */

/* Begin PBXVariantGroup section */
		60AC602A2A9F78BF00C55003 /* LaunchScreen.storyboard */ = {
			isa = PBXVariantGroup;
			children = (
				60AC602B2A9F78BF00C55003 /* Base */,
			);
			name = LaunchScreen.storyboard;
			sourceTree = "<group>";
		};
/* End PBXVariantGroup section */

/* Begin XCBuildConfiguration section */
		60AC602E2A9F78BF00C55003 /* Debug */ = {
			isa = XCBuildConfiguration;
			buildSettings = {
				ALWAYS_SEARCH_USER_PATHS = NO;
				CLANG_ANALYZER_NONNULL = YES;
				CLANG_ANALYZER_NUMBER_OBJECT_CONVERSION = YES_AGGRESSIVE;
				CLANG_CXX_LANGUAGE_STANDARD = "gnu++20";
				CLANG_ENABLE_MODULES = YES;
				CLANG_ENABLE_OBJC_ARC = YES;
				CLANG_ENABLE_OBJC_WEAK = YES;
				CLANG_WARN_BLOCK_CAPTURE_AUTORELEASING = YES;
				CLANG_WARN_BOOL_CONVERSION = YES;
				CLANG_WARN_COMMA = YES;
				CLANG_WARN_CONSTANT_CONVERSION = YES;
				CLANG_WARN_DEPRECATED_OBJC_IMPLEMENTATIONS = YES;
				CLANG_WARN_DIRECT_OBJC_ISA_USAGE = YES_ERROR;
				CLANG_WARN_DOCUMENTATION_COMMENTS = YES;
				CLANG_WARN_EMPTY_BODY = YES;
				CLANG_WARN_ENUM_CONVERSION = YES;
				CLANG_WARN_INFINITE_RECURSION = YES;
				CLANG_WARN_INT_CONVERSION = YES;
				CLANG_WARN_NON_LITERAL_NULL_CONVERSION = YES;
				CLANG_WARN_OBJC_IMPLICIT_RETAIN_SELF = YES;
				CLANG_WARN_OBJC_LITERAL_CONVERSION = YES;
				CLANG_WARN_OBJC_ROOT_CLASS = YES_ERROR;
				CLANG_WARN_QUOTED_INCLUDE_IN_FRAMEWORK_HEADER = YES;
				CLANG_WARN_RANGE_LOOP_ANALYSIS = YES;
				CLANG_WARN_STRICT_PROTOTYPES = YES;
				CLANG_WARN_SUSPICIOUS_MOVE = YES;
				CLANG_WARN_UNGUARDED_AVAILABILITY = YES_AGGRESSIVE;
				CLANG_WARN_UNREACHABLE_CODE = YES;
				CLANG_WARN__DUPLICATE_METHOD_MATCH = YES;
				COPY_PHASE_STRIP = NO;
				DEBUG_INFORMATION_FORMAT = dwarf;
				ENABLE_STRICT_OBJC_MSGSEND = YES;
				ENABLE_TESTABILITY = YES;
				GCC_C_LANGUAGE_STANDARD = gnu11;
				GCC_DYNAMIC_NO_PIC = NO;
				GCC_NO_COMMON_BLOCKS = YES;
				GCC_OPTIMIZATION_LEVEL = 0;
				GCC_PREPROCESSOR_DEFINITIONS = (
					"DEBUG=1",
					"$(inherited)",
				);
				GCC_WARN_64_TO_32_BIT_CONVERSION = YES;
				GCC_WARN_ABOUT_RETURN_TYPE = YES_ERROR;
				GCC_WARN_UNDECLARED_SELECTOR = YES;
				GCC_WARN_UNINITIALIZED_AUTOS = YES_AGGRESSIVE;
				GCC_WARN_UNUSED_FUNCTION = YES;
				GCC_WARN_UNUSED_VARIABLE = YES;
				IPHONEOS_DEPLOYMENT_TARGET = 16.1;
				MTL_ENABLE_DEBUG_INFO = INCLUDE_SOURCE;
				MTL_FAST_MATH = YES;
				ONLY_ACTIVE_ARCH = YES;
				SDKROOT = iphoneos;
				SWIFT_ACTIVE_COMPILATION_CONDITIONS = DEBUG;
				SWIFT_OPTIMIZATION_LEVEL = "-Onone";
			};
			name = Debug;
		};
		60AC602F2A9F78BF00C55003 /* Release */ = {
			isa = XCBuildConfiguration;
			buildSettings = {
				ALWAYS_SEARCH_USER_PATHS = NO;
				CLANG_ANALYZER_NONNULL = YES;
				CLANG_ANALYZER_NUMBER_OBJECT_CONVERSION = YES_AGGRESSIVE;
				CLANG_CXX_LANGUAGE_STANDARD = "gnu++20";
				CLANG_ENABLE_MODULES = YES;
				CLANG_ENABLE_OBJC_ARC = YES;
				CLANG_ENABLE_OBJC_WEAK = YES;
				CLANG_WARN_BLOCK_CAPTURE_AUTORELEASING = YES;
				CLANG_WARN_BOOL_CONVERSION = YES;
				CLANG_WARN_COMMA = YES;
				CLANG_WARN_CONSTANT_CONVERSION = YES;
				CLANG_WARN_DEPRECATED_OBJC_IMPLEMENTATIONS = YES;
				CLANG_WARN_DIRECT_OBJC_ISA_USAGE = YES_ERROR;
				CLANG_WARN_DOCUMENTATION_COMMENTS = YES;
				CLANG_WARN_EMPTY_BODY = YES;
				CLANG_WARN_ENUM_CONVERSION = YES;
				CLANG_WARN_INFINITE_RECURSION = YES;
				CLANG_WARN_INT_CONVERSION = YES;
				CLANG_WARN_NON_LITERAL_NULL_CONVERSION = YES;
				CLANG_WARN_OBJC_IMPLICIT_RETAIN_SELF = YES;
				CLANG_WARN_OBJC_LITERAL_CONVERSION = YES;
				CLANG_WARN_OBJC_ROOT_CLASS = YES_ERROR;
				CLANG_WARN_QUOTED_INCLUDE_IN_FRAMEWORK_HEADER = YES;
				CLANG_WARN_RANGE_LOOP_ANALYSIS = YES;
				CLANG_WARN_STRICT_PROTOTYPES = YES;
				CLANG_WARN_SUSPICIOUS_MOVE = YES;
				CLANG_WARN_UNGUARDED_AVAILABILITY = YES_AGGRESSIVE;
				CLANG_WARN_UNREACHABLE_CODE = YES;
				CLANG_WARN__DUPLICATE_METHOD_MATCH = YES;
				COPY_PHASE_STRIP = NO;
				DEBUG_INFORMATION_FORMAT = "dwarf-with-dsym";
				ENABLE_NS_ASSERTIONS = NO;
				ENABLE_STRICT_OBJC_MSGSEND = YES;
				GCC_C_LANGUAGE_STANDARD = gnu11;
				GCC_NO_COMMON_BLOCKS = YES;
				GCC_WARN_64_TO_32_BIT_CONVERSION = YES;
				GCC_WARN_ABOUT_RETURN_TYPE = YES_ERROR;
				GCC_WARN_UNDECLARED_SELECTOR = YES;
				GCC_WARN_UNINITIALIZED_AUTOS = YES_AGGRESSIVE;
				GCC_WARN_UNUSED_FUNCTION = YES;
				GCC_WARN_UNUSED_VARIABLE = YES;
				IPHONEOS_DEPLOYMENT_TARGET = 16.1;
				MTL_ENABLE_DEBUG_INFO = NO;
				MTL_FAST_MATH = YES;
				SDKROOT = iphoneos;
				SWIFT_COMPILATION_MODE = wholemodule;
				SWIFT_OPTIMIZATION_LEVEL = "-O";
				VALIDATE_PRODUCT = YES;
			};
			name = Release;
		};
		60AC60312A9F78BF00C55003 /* Debug */ = {
			isa = XCBuildConfiguration;
			buildSettings = {
				ASSETCATALOG_COMPILER_APPICON_NAME = AppIcon;
				ASSETCATALOG_COMPILER_GLOBAL_ACCENT_COLOR_NAME = AccentColor;
				CODE_SIGN_STYLE = Automatic;
				CURRENT_PROJECT_VERSION = 1;
				DEVELOPMENT_TEAM = Z6S52L578H;
				GENERATE_INFOPLIST_FILE = YES;
				INFOPLIST_FILE = Letoh/Info.plist;
				INFOPLIST_KEY_UIApplicationSupportsIndirectInputEvents = YES;
				INFOPLIST_KEY_UILaunchStoryboardName = LaunchScreen;
				INFOPLIST_KEY_UISupportedInterfaceOrientations = UIInterfaceOrientationPortrait;
				INFOPLIST_KEY_UISupportedInterfaceOrientations_iPad = "UIInterfaceOrientationLandscapeLeft UIInterfaceOrientationLandscapeRight UIInterfaceOrientationPortrait";
				LD_RUNPATH_SEARCH_PATHS = (
					"$(inherited)",
					"@executable_path/Frameworks",
				);
				MARKETING_VERSION = 1.0;
				PRODUCT_BUNDLE_IDENTIFIER = personalteam.shaimanovdmitry.Letoh;
				PRODUCT_NAME = "$(TARGET_NAME)";
				SUPPORTED_PLATFORMS = "iphoneos iphonesimulator";
				SUPPORTS_MACCATALYST = NO;
				SUPPORTS_MAC_DESIGNED_FOR_IPHONE_IPAD = NO;
				SWIFT_EMIT_LOC_STRINGS = YES;
				SWIFT_VERSION = 5.0;
				TARGETED_DEVICE_FAMILY = 1;
			};
			name = Debug;
		};
		60AC60322A9F78BF00C55003 /* Release */ = {
			isa = XCBuildConfiguration;
			buildSettings = {
				ASSETCATALOG_COMPILER_APPICON_NAME = AppIcon;
				ASSETCATALOG_COMPILER_GLOBAL_ACCENT_COLOR_NAME = AccentColor;
				CODE_SIGN_STYLE = Automatic;
				CURRENT_PROJECT_VERSION = 1;
				DEVELOPMENT_TEAM = Z6S52L578H;
				GENERATE_INFOPLIST_FILE = YES;
				INFOPLIST_FILE = Letoh/Info.plist;
				INFOPLIST_KEY_UIApplicationSupportsIndirectInputEvents = YES;
				INFOPLIST_KEY_UILaunchStoryboardName = LaunchScreen;
				INFOPLIST_KEY_UISupportedInterfaceOrientations = UIInterfaceOrientationPortrait;
				INFOPLIST_KEY_UISupportedInterfaceOrientations_iPad = "UIInterfaceOrientationLandscapeLeft UIInterfaceOrientationLandscapeRight UIInterfaceOrientationPortrait";
				LD_RUNPATH_SEARCH_PATHS = (
					"$(inherited)",
					"@executable_path/Frameworks",
				);
				MARKETING_VERSION = 1.0;
				PRODUCT_BUNDLE_IDENTIFIER = personalteam.shaimanovdmitry.Letoh;
				PRODUCT_NAME = "$(TARGET_NAME)";
				SUPPORTED_PLATFORMS = "iphoneos iphonesimulator";
				SUPPORTS_MACCATALYST = NO;
				SUPPORTS_MAC_DESIGNED_FOR_IPHONE_IPAD = NO;
				SWIFT_EMIT_LOC_STRINGS = YES;
				SWIFT_VERSION = 5.0;
				TARGETED_DEVICE_FAMILY = 1;
			};
			name = Release;
		};
/* End XCBuildConfiguration section */

/* Begin XCConfigurationList section */
		60AC60172A9F78BB00C55003 /* Build configuration list for PBXProject "Letoh" */ = {
			isa = XCConfigurationList;
			buildConfigurations = (
				60AC602E2A9F78BF00C55003 /* Debug */,
				60AC602F2A9F78BF00C55003 /* Release */,
			);
			defaultConfigurationIsVisible = 0;
			defaultConfigurationName = Release;
		};
		60AC60302A9F78BF00C55003 /* Build configuration list for PBXNativeTarget "Letoh" */ = {
			isa = XCConfigurationList;
			buildConfigurations = (
				60AC60312A9F78BF00C55003 /* Debug */,
				60AC60322A9F78BF00C55003 /* Release */,
			);
			defaultConfigurationIsVisible = 0;
			defaultConfigurationName = Release;
		};
/* End XCConfigurationList section */
	};
	rootObject = 60AC60142A9F78BB00C55003 /* Project object */;
}
